// !$*UTF8*$!
{
	archiveVersion = 1;
	classes = {
	};
	objectVersion = 50;
	objects = {

/* Begin PBXBuildFile section */
		043ED0C023B1256F0077663C /* CubiCapture.framework in Frameworks */ = {isa = PBXBuildFile; fileRef = D76F289523B0B7DC00FA3776 /* CubiCapture.framework */; };
		D76F286023B0A60800FA3776 /* AppDelegate.swift in Sources */ = {isa = PBXBuildFile; fileRef = D76F285F23B0A60800FA3776 /* AppDelegate.swift */; };
		D76F286223B0A60800FA3776 /* SceneDelegate.swift in Sources */ = {isa = PBXBuildFile; fileRef = D76F286123B0A60800FA3776 /* SceneDelegate.swift */; };
		D76F286423B0A60800FA3776 /* ScanViewController.swift in Sources */ = {isa = PBXBuildFile; fileRef = D76F286323B0A60800FA3776 /* ScanViewController.swift */; };
		D76F286723B0A60800FA3776 /* Main.storyboard in Resources */ = {isa = PBXBuildFile; fileRef = D76F286523B0A60800FA3776 /* Main.storyboard */; };
		D76F286923B0A60A00FA3776 /* Assets.xcassets in Resources */ = {isa = PBXBuildFile; fileRef = D76F286823B0A60A00FA3776 /* Assets.xcassets */; };
		D76F286C23B0A60A00FA3776 /* LaunchScreen.storyboard in Resources */ = {isa = PBXBuildFile; fileRef = D76F286A23B0A60A00FA3776 /* LaunchScreen.storyboard */; };
		D76F28B523B0BBAB00FA3776 /* ZipUtilities.swift in Sources */ = {isa = PBXBuildFile; fileRef = D76F28A623B0BBAB00FA3776 /* ZipUtilities.swift */; };
		D76F28B623B0BBAB00FA3776 /* unzip.c in Sources */ = {isa = PBXBuildFile; fileRef = D76F28A823B0BBAB00FA3776 /* unzip.c */; };
		D76F28B723B0BBAB00FA3776 /* zip.c in Sources */ = {isa = PBXBuildFile; fileRef = D76F28A923B0BBAB00FA3776 /* zip.c */; };
		D76F28B823B0BBAB00FA3776 /* ioapi.c in Sources */ = {isa = PBXBuildFile; fileRef = D76F28AA23B0BBAB00FA3776 /* ioapi.c */; };
		D76F28B923B0BBAB00FA3776 /* QuickZip.swift in Sources */ = {isa = PBXBuildFile; fileRef = D76F28B023B0BBAB00FA3776 /* QuickZip.swift */; };
		D76F28BB23B0BBAB00FA3776 /* Zip.swift in Sources */ = {isa = PBXBuildFile; fileRef = D76F28B323B0BBAB00FA3776 /* Zip.swift */; };
/* End PBXBuildFile section */

/* Begin PBXCopyFilesBuildPhase section */
		D76F28BF23B0BEF900FA3776 /* Embed Frameworks */ = {
			isa = PBXCopyFilesBuildPhase;
			buildActionMask = 2147483647;
			dstPath = "";
			dstSubfolderSpec = 10;
			files = (
			);
			name = "Embed Frameworks";
			runOnlyForDeploymentPostprocessing = 0;
		};
/* End PBXCopyFilesBuildPhase section */

/* Begin PBXFileReference section */
		D76F285C23B0A60800FA3776 /* GRUNDRISSMASTERs.app */ = {isa = PBXFileReference; explicitFileType = wrapper.application; includeInIndex = 0; path = GRUNDRISSMASTERs.app; sourceTree = BUILT_PRODUCTS_DIR; };
		D76F285F23B0A60800FA3776 /* AppDelegate.swift */ = {isa = PBXFileReference; lastKnownFileType = sourcecode.swift; path = AppDelegate.swift; sourceTree = "<group>"; };
		D76F286123B0A60800FA3776 /* SceneDelegate.swift */ = {isa = PBXFileReference; lastKnownFileType = sourcecode.swift; path = SceneDelegate.swift; sourceTree = "<group>"; };
		D76F286323B0A60800FA3776 /* ScanViewController.swift */ = {isa = PBXFileReference; lastKnownFileType = sourcecode.swift; path = ScanViewController.swift; sourceTree = "<group>"; };
		D76F286623B0A60800FA3776 /* Base */ = {isa = PBXFileReference; lastKnownFileType = file.storyboard; name = Base; path = Base.lproj/Main.storyboard; sourceTree = "<group>"; };
		D76F286823B0A60A00FA3776 /* Assets.xcassets */ = {isa = PBXFileReference; lastKnownFileType = folder.assetcatalog; path = Assets.xcassets; sourceTree = "<group>"; };
		D76F286B23B0A60A00FA3776 /* Base */ = {isa = PBXFileReference; lastKnownFileType = file.storyboard; name = Base; path = Base.lproj/LaunchScreen.storyboard; sourceTree = "<group>"; };
		D76F286D23B0A60A00FA3776 /* Info.plist */ = {isa = PBXFileReference; lastKnownFileType = text.plist.xml; path = Info.plist; sourceTree = "<group>"; };
		D76F289523B0B7DC00FA3776 /* CubiCapture.framework */ = {isa = PBXFileReference; lastKnownFileType = wrapper.framework; path = CubiCapture.framework; sourceTree = "<group>"; };
		D76F28A623B0BBAB00FA3776 /* ZipUtilities.swift */ = {isa = PBXFileReference; fileEncoding = 4; lastKnownFileType = sourcecode.swift; path = ZipUtilities.swift; sourceTree = "<group>"; };
		D76F28A823B0BBAB00FA3776 /* unzip.c */ = {isa = PBXFileReference; fileEncoding = 4; lastKnownFileType = sourcecode.c.c; path = unzip.c; sourceTree = "<group>"; };
		D76F28A923B0BBAB00FA3776 /* zip.c */ = {isa = PBXFileReference; fileEncoding = 4; lastKnownFileType = sourcecode.c.c; path = zip.c; sourceTree = "<group>"; };
		D76F28AA23B0BBAB00FA3776 /* ioapi.c */ = {isa = PBXFileReference; fileEncoding = 4; lastKnownFileType = sourcecode.c.c; path = ioapi.c; sourceTree = "<group>"; };
		D76F28AB23B0BBAB00FA3776 /* crypt.h */ = {isa = PBXFileReference; fileEncoding = 4; lastKnownFileType = sourcecode.c.h; path = crypt.h; sourceTree = "<group>"; };
		D76F28AC23B0BBAB00FA3776 /* zip.h */ = {isa = PBXFileReference; fileEncoding = 4; lastKnownFileType = sourcecode.c.h; path = zip.h; sourceTree = "<group>"; };
		D76F28AD23B0BBAB00FA3776 /* unzip.h */ = {isa = PBXFileReference; fileEncoding = 4; lastKnownFileType = sourcecode.c.h; path = unzip.h; sourceTree = "<group>"; };
		D76F28AE23B0BBAB00FA3776 /* module.modulemap */ = {isa = PBXFileReference; fileEncoding = 4; lastKnownFileType = "sourcecode.module-map"; path = module.modulemap; sourceTree = "<group>"; };
		D76F28AF23B0BBAB00FA3776 /* ioapi.h */ = {isa = PBXFileReference; fileEncoding = 4; lastKnownFileType = sourcecode.c.h; path = ioapi.h; sourceTree = "<group>"; };
		D76F28B023B0BBAB00FA3776 /* QuickZip.swift */ = {isa = PBXFileReference; fileEncoding = 4; lastKnownFileType = sourcecode.swift; path = QuickZip.swift; sourceTree = "<group>"; };
		D76F28B123B0BBAB00FA3776 /* Info-tvOS.plist */ = {isa = PBXFileReference; fileEncoding = 4; lastKnownFileType = text.plist.xml; path = "Info-tvOS.plist"; sourceTree = "<group>"; };
		D76F28B223B0BBAB00FA3776 /* Zip.h */ = {isa = PBXFileReference; fileEncoding = 4; lastKnownFileType = sourcecode.c.h; path = Zip.h; sourceTree = "<group>"; };
		D76F28B323B0BBAB00FA3776 /* Zip.swift */ = {isa = PBXFileReference; fileEncoding = 4; lastKnownFileType = sourcecode.swift; path = Zip.swift; sourceTree = "<group>"; };
		D76F28B423B0BBAB00FA3776 /* Info.plist */ = {isa = PBXFileReference; fileEncoding = 4; lastKnownFileType = text.plist.xml; path = Info.plist; sourceTree = "<group>"; };
/* End PBXFileReference section */

/* Begin PBXFrameworksBuildPhase section */
		D76F285923B0A60800FA3776 /* Frameworks */ = {
			isa = PBXFrameworksBuildPhase;
			buildActionMask = 2147483647;
			files = (
				043ED0C023B1256F0077663C /* CubiCapture.framework in Frameworks */,
			);
			runOnlyForDeploymentPostprocessing = 0;
		};
/* End PBXFrameworksBuildPhase section */

/* Begin PBXGroup section */
		D76F285323B0A60800FA3776 = {
			isa = PBXGroup;
			children = (
				D76F285E23B0A60800FA3776 /* GRUNDRISSMASTERs */,
				D76F285D23B0A60800FA3776 /* Products */,
			);
			sourceTree = "<group>";
		};
		D76F285D23B0A60800FA3776 /* Products */ = {
			isa = PBXGroup;
			children = (
				D76F285C23B0A60800FA3776 /* GRUNDRISSMASTERs.app */,
			);
			name = Products;
			sourceTree = "<group>";
		};
		D76F285E23B0A60800FA3776 /* GRUNDRISSMASTERs */ = {
			isa = PBXGroup;
			children = (
				D76F28A523B0BBAB00FA3776 /* Zip */,
				D76F289523B0B7DC00FA3776 /* CubiCapture.framework */,
				D76F285F23B0A60800FA3776 /* AppDelegate.swift */,
				D76F286123B0A60800FA3776 /* SceneDelegate.swift */,
				D76F286323B0A60800FA3776 /* ScanViewController.swift */,
				D76F286523B0A60800FA3776 /* Main.storyboard */,
				D76F286823B0A60A00FA3776 /* Assets.xcassets */,
				D76F286A23B0A60A00FA3776 /* LaunchScreen.storyboard */,
				D76F286D23B0A60A00FA3776 /* Info.plist */,
			);
			path = GRUNDRISSMASTERs;
			sourceTree = "<group>";
		};
		D76F28A523B0BBAB00FA3776 /* Zip */ = {
			isa = PBXGroup;
			children = (
				D76F28A623B0BBAB00FA3776 /* ZipUtilities.swift */,
				D76F28A723B0BBAB00FA3776 /* minizip */,
				D76F28B023B0BBAB00FA3776 /* QuickZip.swift */,
				D76F28B123B0BBAB00FA3776 /* Info-tvOS.plist */,
				D76F28B223B0BBAB00FA3776 /* Zip.h */,
				D76F28B323B0BBAB00FA3776 /* Zip.swift */,
				D76F28B423B0BBAB00FA3776 /* Info.plist */,
			);
			path = Zip;
			sourceTree = "<group>";
		};
		D76F28A723B0BBAB00FA3776 /* minizip */ = {
			isa = PBXGroup;
			children = (
				D76F28A823B0BBAB00FA3776 /* unzip.c */,
				D76F28A923B0BBAB00FA3776 /* zip.c */,
				D76F28AA23B0BBAB00FA3776 /* ioapi.c */,
				D76F28AB23B0BBAB00FA3776 /* crypt.h */,
				D76F28AC23B0BBAB00FA3776 /* zip.h */,
				D76F28AD23B0BBAB00FA3776 /* unzip.h */,
				D76F28AE23B0BBAB00FA3776 /* module.modulemap */,
				D76F28AF23B0BBAB00FA3776 /* ioapi.h */,
			);
			path = minizip;
			sourceTree = "<group>";
		};
/* End PBXGroup section */

/* Begin PBXNativeTarget section */
		D76F285B23B0A60800FA3776 /* GRUNDRISSMASTERs */ = {
			isa = PBXNativeTarget;
			buildConfigurationList = D76F287023B0A60A00FA3776 /* Build configuration list for PBXNativeTarget "GRUNDRISSMASTERs" */;
			buildPhases = (
				D76F285823B0A60800FA3776 /* Sources */,
				D76F285923B0A60800FA3776 /* Frameworks */,
				D76F285A23B0A60800FA3776 /* Resources */,
				D76F28BF23B0BEF900FA3776 /* Embed Frameworks */,
			);
			buildRules = (
			);
			dependencies = (
			);
			name = GRUNDRISSMASTERs;
			productName = GRUNDRISSMASTERs;
			productReference = D76F285C23B0A60800FA3776 /* GRUNDRISSMASTERs.app */;
			productType = "com.apple.product-type.application";
		};
/* End PBXNativeTarget section */

/* Begin PBXProject section */
		D76F285423B0A60800FA3776 /* Project object */ = {
			isa = PBXProject;
			attributes = {
				LastSwiftUpdateCheck = 1120;
				LastUpgradeCheck = 1120;
				ORGANIZATIONNAME = dev;
				TargetAttributes = {
					D76F285B23B0A60800FA3776 = {
						CreatedOnToolsVersion = 11.2.1;
					};
				};
			};
			buildConfigurationList = D76F285723B0A60800FA3776 /* Build configuration list for PBXProject "GRUNDRISSMASTERs" */;
			compatibilityVersion = "Xcode 9.3";
			developmentRegion = en;
			hasScannedForEncodings = 0;
			knownRegions = (
				en,
				Base,
			);
			mainGroup = D76F285323B0A60800FA3776;
			productRefGroup = D76F285D23B0A60800FA3776 /* Products */;
			projectDirPath = "";
			projectRoot = "";
			targets = (
				D76F285B23B0A60800FA3776 /* GRUNDRISSMASTERs */,
			);
		};
/* End PBXProject section */

/* Begin PBXResourcesBuildPhase section */
		D76F285A23B0A60800FA3776 /* Resources */ = {
			isa = PBXResourcesBuildPhase;
			buildActionMask = 2147483647;
			files = (
				D76F286C23B0A60A00FA3776 /* LaunchScreen.storyboard in Resources */,
				D76F286923B0A60A00FA3776 /* Assets.xcassets in Resources */,
				D76F286723B0A60800FA3776 /* Main.storyboard in Resources */,
			);
			runOnlyForDeploymentPostprocessing = 0;
		};
/* End PBXResourcesBuildPhase section */

/* Begin PBXSourcesBuildPhase section */
		D76F285823B0A60800FA3776 /* Sources */ = {
			isa = PBXSourcesBuildPhase;
			buildActionMask = 2147483647;
			files = (
				D76F28B523B0BBAB00FA3776 /* ZipUtilities.swift in Sources */,
				D76F28B923B0BBAB00FA3776 /* QuickZip.swift in Sources */,
				D76F28B623B0BBAB00FA3776 /* unzip.c in Sources */,
				D76F286423B0A60800FA3776 /* ScanViewController.swift in Sources */,
				D76F28B723B0BBAB00FA3776 /* zip.c in Sources */,
				D76F28BB23B0BBAB00FA3776 /* Zip.swift in Sources */,
				D76F286023B0A60800FA3776 /* AppDelegate.swift in Sources */,
				D76F286223B0A60800FA3776 /* SceneDelegate.swift in Sources */,
				D76F28B823B0BBAB00FA3776 /* ioapi.c in Sources */,
			);
			runOnlyForDeploymentPostprocessing = 0;
		};
/* End PBXSourcesBuildPhase section */

/* Begin PBXVariantGroup section */
		D76F286523B0A60800FA3776 /* Main.storyboard */ = {
			isa = PBXVariantGroup;
			children = (
				D76F286623B0A60800FA3776 /* Base */,
			);
			name = Main.storyboard;
			sourceTree = "<group>";
		};
		D76F286A23B0A60A00FA3776 /* LaunchScreen.storyboard */ = {
			isa = PBXVariantGroup;
			children = (
				D76F286B23B0A60A00FA3776 /* Base */,
			);
			name = LaunchScreen.storyboard;
			sourceTree = "<group>";
		};
/* End PBXVariantGroup section */

/* Begin XCBuildConfiguration section */
		D76F286E23B0A60A00FA3776 /* Debug */ = {
			isa = XCBuildConfiguration;
			buildSettings = {
				ALWAYS_SEARCH_USER_PATHS = NO;
				CLANG_ANALYZER_NONNULL = YES;
				CLANG_ANALYZER_NUMBER_OBJECT_CONVERSION = YES_AGGRESSIVE;
				CLANG_CXX_LANGUAGE_STANDARD = "gnu++14";
				CLANG_CXX_LIBRARY = "libc++";
				CLANG_ENABLE_MODULES = YES;
				CLANG_ENABLE_OBJC_ARC = YES;
				CLANG_ENABLE_OBJC_WEAK = YES;
				CLANG_WARN_BLOCK_CAPTURE_AUTORELEASING = YES;
				CLANG_WARN_BOOL_CONVERSION = YES;
				CLANG_WARN_COMMA = YES;
				CLANG_WARN_CONSTANT_CONVERSION = YES;
				CLANG_WARN_DEPRECATED_OBJC_IMPLEMENTATIONS = YES;
				CLANG_WARN_DIRECT_OBJC_ISA_USAGE = YES_ERROR;
				CLANG_WARN_DOCUMENTATION_COMMENTS = YES;
				CLANG_WARN_EMPTY_BODY = YES;
				CLANG_WARN_ENUM_CONVERSION = YES;
				CLANG_WARN_INFINITE_RECURSION = YES;
				CLANG_WARN_INT_CONVERSION = YES;
				CLANG_WARN_NON_LITERAL_NULL_CONVERSION = YES;
				CLANG_WARN_OBJC_IMPLICIT_RETAIN_SELF = YES;
				CLANG_WARN_OBJC_LITERAL_CONVERSION = YES;
				CLANG_WARN_OBJC_ROOT_CLASS = YES_ERROR;
				CLANG_WARN_RANGE_LOOP_ANALYSIS = YES;
				CLANG_WARN_STRICT_PROTOTYPES = YES;
				CLANG_WARN_SUSPICIOUS_MOVE = YES;
				CLANG_WARN_UNGUARDED_AVAILABILITY = YES_AGGRESSIVE;
				CLANG_WARN_UNREACHABLE_CODE = YES;
				CLANG_WARN__DUPLICATE_METHOD_MATCH = YES;
				COPY_PHASE_STRIP = NO;
				DEBUG_INFORMATION_FORMAT = dwarf;
				ENABLE_STRICT_OBJC_MSGSEND = YES;
				ENABLE_TESTABILITY = YES;
				GCC_C_LANGUAGE_STANDARD = gnu11;
				GCC_DYNAMIC_NO_PIC = NO;
				GCC_NO_COMMON_BLOCKS = YES;
				GCC_OPTIMIZATION_LEVEL = 0;
				GCC_PREPROCESSOR_DEFINITIONS = (
					"DEBUG=1",
					"$(inherited)",
				);
				GCC_WARN_64_TO_32_BIT_CONVERSION = YES;
				GCC_WARN_ABOUT_RETURN_TYPE = YES_ERROR;
				GCC_WARN_UNDECLARED_SELECTOR = YES;
				GCC_WARN_UNINITIALIZED_AUTOS = YES_AGGRESSIVE;
				GCC_WARN_UNUSED_FUNCTION = YES;
				GCC_WARN_UNUSED_VARIABLE = YES;
				IPHONEOS_DEPLOYMENT_TARGET = 10.0;
				MTL_ENABLE_DEBUG_INFO = INCLUDE_SOURCE;
				MTL_FAST_MATH = YES;
				ONLY_ACTIVE_ARCH = YES;
				SDKROOT = iphoneos;
				SWIFT_ACTIVE_COMPILATION_CONDITIONS = DEBUG;
				SWIFT_INCLUDE_PATHS = "/Users/dev/Desktop/GRUNDRISSMASTERs/GRUNDRISSMASTERs/minizip/**";
				SWIFT_OPTIMIZATION_LEVEL = "-Onone";
			};
			name = Debug;
		};
		D76F286F23B0A60A00FA3776 /* Release */ = {
			isa = XCBuildConfiguration;
			buildSettings = {
				ALWAYS_SEARCH_USER_PATHS = NO;
				CLANG_ANALYZER_NONNULL = YES;
				CLANG_ANALYZER_NUMBER_OBJECT_CONVERSION = YES_AGGRESSIVE;
				CLANG_CXX_LANGUAGE_STANDARD = "gnu++14";
				CLANG_CXX_LIBRARY = "libc++";
				CLANG_ENABLE_MODULES = YES;
				CLANG_ENABLE_OBJC_ARC = YES;
				CLANG_ENABLE_OBJC_WEAK = YES;
				CLANG_WARN_BLOCK_CAPTURE_AUTORELEASING = YES;
				CLANG_WARN_BOOL_CONVERSION = YES;
				CLANG_WARN_COMMA = YES;
				CLANG_WARN_CONSTANT_CONVERSION = YES;
				CLANG_WARN_DEPRECATED_OBJC_IMPLEMENTATIONS = YES;
				CLANG_WARN_DIRECT_OBJC_ISA_USAGE = YES_ERROR;
				CLANG_WARN_DOCUMENTATION_COMMENTS = YES;
				CLANG_WARN_EMPTY_BODY = YES;
				CLANG_WARN_ENUM_CONVERSION = YES;
				CLANG_WARN_INFINITE_RECURSION = YES;
				CLANG_WARN_INT_CONVERSION = YES;
				CLANG_WARN_NON_LITERAL_NULL_CONVERSION = YES;
				CLANG_WARN_OBJC_IMPLICIT_RETAIN_SELF = YES;
				CLANG_WARN_OBJC_LITERAL_CONVERSION = YES;
				CLANG_WARN_OBJC_ROOT_CLASS = YES_ERROR;
				CLANG_WARN_RANGE_LOOP_ANALYSIS = YES;
				CLANG_WARN_STRICT_PROTOTYPES = YES;
				CLANG_WARN_SUSPICIOUS_MOVE = YES;
				CLANG_WARN_UNGUARDED_AVAILABILITY = YES_AGGRESSIVE;
				CLANG_WARN_UNREACHABLE_CODE = YES;
				CLANG_WARN__DUPLICATE_METHOD_MATCH = YES;
				COPY_PHASE_STRIP = NO;
				DEBUG_INFORMATION_FORMAT = "dwarf-with-dsym";
				ENABLE_NS_ASSERTIONS = NO;
				ENABLE_STRICT_OBJC_MSGSEND = YES;
				GCC_C_LANGUAGE_STANDARD = gnu11;
				GCC_NO_COMMON_BLOCKS = YES;
				GCC_WARN_64_TO_32_BIT_CONVERSION = YES;
				GCC_WARN_ABOUT_RETURN_TYPE = YES_ERROR;
				GCC_WARN_UNDECLARED_SELECTOR = YES;
				GCC_WARN_UNINITIALIZED_AUTOS = YES_AGGRESSIVE;
				GCC_WARN_UNUSED_FUNCTION = YES;
				GCC_WARN_UNUSED_VARIABLE = YES;
				IPHONEOS_DEPLOYMENT_TARGET = 10.0;
				MTL_ENABLE_DEBUG_INFO = NO;
				MTL_FAST_MATH = YES;
				SDKROOT = iphoneos;
				SWIFT_COMPILATION_MODE = wholemodule;
				SWIFT_INCLUDE_PATHS = "/Users/dev/Desktop/GRUNDRISSMASTERs/GRUNDRISSMASTERs/minizip/**";
				SWIFT_OPTIMIZATION_LEVEL = "-O";
				VALIDATE_PRODUCT = YES;
			};
			name = Release;
		};
		D76F287123B0A60A00FA3776 /* Debug */ = {
			isa = XCBuildConfiguration;
			buildSettings = {
				ASSETCATALOG_COMPILER_APPICON_NAME = AppIcon;
				CODE_SIGN_STYLE = Automatic;
				DEVELOPMENT_TEAM = LYBQVME929;
				FRAMEWORK_SEARCH_PATHS = (
					"$(inherited)",
					"$(PROJECT_DIR)",
					"$(PROJECT_DIR)/GRUNDRISSMASTERs",
				);
				INFOPLIST_FILE = GRUNDRISSMASTERs/Info.plist;
				IPHONEOS_DEPLOYMENT_TARGET = 12.0;
				LD_RUNPATH_SEARCH_PATHS = (
					"$(inherited)",
					"@executable_path/Frameworks",
				);
				PRODUCT_BUNDLE_IDENTIFIER = bilal.maavan.GRUNDRISSMASTERs;
				PRODUCT_NAME = "$(TARGET_NAME)";
				SWIFT_INCLUDE_PATHS = "/Users/dev/Desktop/GRUNDRISSMASTERs/GRUNDRISSMASTERs/Zip/minizip /**";
				SWIFT_VERSION = 5.0;
				TARGETED_DEVICE_FAMILY = 1;
			};
			name = Debug;
		};
		D76F287223B0A60A00FA3776 /* Release */ = {
			isa = XCBuildConfiguration;
			buildSettings = {
				ASSETCATALOG_COMPILER_APPICON_NAME = AppIcon;
				CODE_SIGN_STYLE = Automatic;
				DEVELOPMENT_TEAM = LYBQVME929;
				FRAMEWORK_SEARCH_PATHS = (
					"$(inherited)",
					"$(PROJECT_DIR)",
					"$(PROJECT_DIR)/GRUNDRISSMASTERs",
				);
				INFOPLIST_FILE = GRUNDRISSMASTERs/Info.plist;
				IPHONEOS_DEPLOYMENT_TARGET = 12.0;
				LD_RUNPATH_SEARCH_PATHS = (
					"$(inherited)",
					"@executable_path/Frameworks",
				);
				PRODUCT_BUNDLE_IDENTIFIER = bilal.maavan.GRUNDRISSMASTERs;
				PRODUCT_NAME = "$(TARGET_NAME)";
				SWIFT_INCLUDE_PATHS = "/Users/dev/Desktop/GRUNDRISSMASTERs/GRUNDRISSMASTERs/Zip/minizip /**";
				SWIFT_VERSION = 5.0;
				TARGETED_DEVICE_FAMILY = 1;
			};
			name = Release;
		};
/* End XCBuildConfiguration section */

/* Begin XCConfigurationList section */
		D76F285723B0A60800FA3776 /* Build configuration list for PBXProject "GRUNDRISSMASTERs" */ = {
			isa = XCConfigurationList;
			buildConfigurations = (
				D76F286E23B0A60A00FA3776 /* Debug */,
				D76F286F23B0A60A00FA3776 /* Release */,
			);
			defaultConfigurationIsVisible = 0;
			defaultConfigurationName = Release;
		};
		D76F287023B0A60A00FA3776 /* Build configuration list for PBXNativeTarget "GRUNDRISSMASTERs" */ = {
			isa = XCConfigurationList;
			buildConfigurations = (
				D76F287123B0A60A00FA3776 /* Debug */,
				D76F287223B0A60A00FA3776 /* Release */,
			);
			defaultConfigurationIsVisible = 0;
			defaultConfigurationName = Release;
		};
/* End XCConfigurationList section */
	};
	rootObject = D76F285423B0A60800FA3776 /* Project object */;
}
